
Microsoft Visual Studio Solution File, Format Version 12.00
# Visual Studio Version 16
VisualStudioVersion = 16.0.30011.22
MinimumVisualStudioVersion = 10.0.40219.1
Project("{FAE04EC0-301F-11D3-BF4B-00C04F79EFBC}") = "Student_1", "Student_1.csproj", "{AEED959D-46DF-483D-899F-56069D1D1655}"
EndProject
Global
	GlobalSection(SolutionConfigurationPlatforms) = preSolution
		Debug|Any CPU = Debug|Any CPU
		Release|Any CPU = Release|Any CPU
	EndGlobalSection
	GlobalSection(ProjectConfigurationPlatforms) = postSolution
		{AEED959D-46DF-483D-899F-56069D1D1655}.Debug|Any CPU.ActiveCfg = Debug|Any CPU
		{AEED959D-46DF-483D-899F-56069D1D1655}.Debug|Any CPU.Build.0 = Debug|Any CPU
		{AEED959D-46DF-483D-899F-56069D1D1655}.Release|Any CPU.ActiveCfg = Release|Any CPU
		{AEED959D-46DF-483D-899F-56069D1D1655}.Release|Any CPU.Build.0 = Release|Any CPU
	EndGlobalSection
	GlobalSection(SolutionProperties) = preSolution
		HideSolutionNode = FALSE
	EndGlobalSection
	GlobalSection(ExtensibilityGlobals) = postSolution
		SolutionGuid = {3677ED32-BE18-4EC7-A76E-44D4D16F5835}
	EndGlobalSection
EndGlobal
